<?xml version="1.0" encoding="utf-8"?>
<Project ToolsVersion="4.0" xmlns="http://schemas.microsoft.com/developer/msbuild/2003">
  <ItemGroup>
    <Filter Include="Source Files">
      <UniqueIdentifier>{4FC737F1-C7A5-4376-A066-2A32D752A2FF}</UniqueIdentifier>
      <Extensions>cpp;c;cc;cxx;def;odl;idl;hpj;bat;asm;asmx</Extensions>
    </Filter>
    <Filter Include="Header Files">
      <UniqueIdentifier>{93995380-89BD-4b04-88EB-625FBE52EBFB}</UniqueIdentifier>
      <Extensions>h;hpp;hxx;hm;inl;inc;xsd</Extensions>
    </Filter>
    <Filter Include="Resource Files">
      <UniqueIdentifier>{67DA6AB6-F800-4c08-8B7A-83BB121AAD01}</UniqueIdentifier>
      <Extensions>rc;ico;cur;bmp;dlg;rc2;rct;bin;rgs;gif;jpg;jpeg;jpe;resx;tiff;tif;png;wav</Extensions>
    </Filter>
    <Filter Include="Source Files\drivers">
      <UniqueIdentifier>{618c0141-b7a0-4872-bf9e-22bb99807552}</UniqueIdentifier>
    </Filter>
    <Filter Include="Source Files\drivers\hal">
      <UniqueIdentifier>{2cbc6459-30b3-4f2c-ad1e-119096bcc422}</UniqueIdentifier>
    </Filter>
    <Filter Include="Source Files\drivers\hal\main">
      <UniqueIdentifier>{fb82be2a-7787-4f6e-9024-03253fac0df9}</UniqueIdentifier>
    </Filter>
    <Filter Include="Header Files\kernel">
      <UniqueIdentifier>{e3e2121c-066c-4610-a748-abc1285446cc}</UniqueIdentifier>
    </Filter>
    <Filter Include="Source Files\drivers\hal\include">
      <UniqueIdentifier>{2b895c54-4abe-453b-a819-0fe38644db79}</UniqueIdentifier>
    </Filter>
    <Filter Include="Source Files\drivers\hal\include\arch">
      <UniqueIdentifier>{44805e60-2af0-4d81-96a4-19ac2768bf86}</UniqueIdentifier>
    </Filter>
    <Filter Include="Source Files\drivers\hal\include\arch\x86">
      <UniqueIdentifier>{dac18cbc-ddbe-4dbf-87d7-122b44750ea3}</UniqueIdentifier>
    </Filter>
    <Filter Include="Source Files\drivers\hal\include\arch\x86\asm">
      <UniqueIdentifier>{0a605434-cd65-4c41-b560-29128d877b1c}</UniqueIdentifier>
    </Filter>
    <Filter Include="Source Files\drivers\hal\main\memory">
      <UniqueIdentifier>{91d9071c-6b45-40d6-be39-9cccb6f93731}</UniqueIdentifier>
    </Filter>
    <Filter Include="Source Files\drivers\hal\main\include">
      <UniqueIdentifier>{ce95628d-b224-4a4c-bbe5-d2b7f6e83f99}</UniqueIdentifier>
    </Filter>
    <Filter Include="Source Files\libs">
      <UniqueIdentifier>{7a43a565-4696-4d66-a4ee-c05c1408a261}</UniqueIdentifier>
    </Filter>
    <Filter Include="Source Files\libs\common">
      <UniqueIdentifier>{182bf8dd-1d12-41fd-8365-9b4e972f2ed9}</UniqueIdentifier>
    </Filter>
    <Filter Include="Source Files\libs\common\include">
      <UniqueIdentifier>{12024e56-9606-4cb7-83c5-0a91798445e9}</UniqueIdentifier>
    </Filter>
    <Filter Include="Source Files\drivers\hal\main\process">
      <UniqueIdentifier>{16128f90-3d9d-4f7c-904c-ef558826e72b}</UniqueIdentifier>
    </Filter>
    <Filter Include="Source Files\libs\common\object">
      <UniqueIdentifier>{9b7d07c6-84f2-4d34-9458-cc93e01ee2f3}</UniqueIdentifier>
    </Filter>
    <Filter Include="Source Files\libs\common\cpu">
      <UniqueIdentifier>{966066af-6248-4efc-8901-1065f9e0b226}</UniqueIdentifier>
    </Filter>
    <Filter Include="Source Files\drivers\hal\irq">
      <UniqueIdentifier>{9071c5d3-f7bc-4e4d-9b9e-992eca490def}</UniqueIdentifier>
    </Filter>
    <Filter Include="Header Files\ddk">
      <UniqueIdentifier>{a95e2a1c-efce-4e6c-93f4-3cc2882a47c1}</UniqueIdentifier>
    </Filter>
    <Filter Include="Source Files\drivers\hal\arch">
      <UniqueIdentifier>{d39afc45-b741-4d76-ae58-05ec870cd4e2}</UniqueIdentifier>
    </Filter>
    <Filter Include="Source Files\drivers\hal\arch\x86">
      <UniqueIdentifier>{80f961c9-5df1-4835-b4ad-c7e32b66fb01}</UniqueIdentifier>
    </Filter>
    <Filter Include="Source Files\drivers\hal\arch\x86\lib">
      <UniqueIdentifier>{9e3a782e-157b-4cc3-a658-a9b0c1325d0b}</UniqueIdentifier>
    </Filter>
    <Filter Include="Source Files\drivers\hal\main\arch">
      <UniqueIdentifier>{bbbd789e-8c61-4ad2-b4d1-c22af3831506}</UniqueIdentifier>
    </Filter>
    <Filter Include="Source Files\drivers\hal\main\arch\x86">
      <UniqueIdentifier>{bfb89f10-5ddc-44a8-a1ae-dda0a7f1b6c5}</UniqueIdentifier>
    </Filter>
    <Filter Include="Source Files\drivers\hal\time">
      <UniqueIdentifier>{fdfb3e46-8466-47bc-a206-6d387451e381}</UniqueIdentifier>
    </Filter>
  </ItemGroup>
  <ItemGroup>
    <None Include="..\source\drivers\hal\hal_include.mk">
      <Filter>Source Files\drivers\hal</Filter>
    </None>
    <None Include="..\source\drivers\hal\Makefile">
      <Filter>Source Files\drivers\hal</Filter>
    </None>
    <None Include="..\source\drivers\hal\main\Makefile">
      <Filter>Source Files\drivers\hal\main</Filter>
    </None>
    <None Include="..\source\libs\common\object\Makefile">
      <Filter>Source Files\libs\common\object</Filter>
    </None>
    <None Include="..\source\drivers\hal\main\memory\Makefile">
      <Filter>Source Files\drivers\hal\main\memory</Filter>
    </None>
    <None Include="..\source\libs\common\cpu\Makefile">
      <Filter>Source Files\libs\common\cpu</Filter>
    </None>
    <None Include="..\source\drivers\hal\main\process\Makefile">
      <Filter>Source Files\drivers\hal\main\process</Filter>
    </None>
    <None Include="..\source\drivers\hal\irq\Makefile">
      <Filter>Source Files\drivers\hal\irq</Filter>
    </None>
    <None Include="..\source\drivers\hal\arch\x86\lib\Makefile">
      <Filter>Source Files\drivers\hal\arch\x86\lib</Filter>
    </None>
    <None Include="..\source\drivers\hal\arch\x86\lib\rwlock.S">
      <Filter>Source Files\drivers\hal\arch\x86\lib</Filter>
    </None>
    <None Include="..\source\drivers\hal\time\Makefile">
      <Filter>Source Files\drivers\hal\time</Filter>
    </None>
  </ItemGroup>
  <ItemGroup>
    <Text Include="..\source\drivers\hal\problem list.txt">
      <Filter>Source Files\drivers\hal</Filter>
    </Text>
    <Text Include="..\include\kernel\readme.txt">
      <Filter>Header Files\kernel</Filter>
    </Text>
    <Text Include="..\source\drivers\hal\include\readme.txt">
      <Filter>Source Files\drivers\hal\include</Filter>
    </Text>
  </ItemGroup>
  <ItemGroup>
    <ClCompile Include="..\source\drivers\hal\main\main.c">
      <Filter>Source Files\drivers\hal\main</Filter>
    </ClCompile>
    <ClCompile Include="..\source\libs\common\object\name.c">
      <Filter>Source Files\libs\common\object</Filter>
    </ClCompile>
    <ClCompile Include="..\source\libs\common\object\object.c">
      <Filter>Source Files\libs\common\object</Filter>
    </ClCompile>
    <ClCompile Include="..\source\libs\common\object\type.c">
      <Filter>Source Files\libs\common\object</Filter>
    </ClCompile>
    <ClCompile Include="..\source\drivers\hal\main\memory\pa.c">
      <Filter>Source Files\drivers\hal\main\memory</Filter>
    </ClCompile>
    <ClCompile Include="..\source\drivers\hal\main\memory\page.c">
      <Filter>Source Files\drivers\hal\main\memory</Filter>
    </ClCompile>
    <ClCompile Include="..\source\drivers\hal\main\memory\percpu.c">
      <Filter>Source Files\drivers\hal\main\memory</Filter>
    </ClCompile>
    <ClCompile Include="..\source\libs\common\cpu\bit.c">
      <Filter>Source Files\libs\common\cpu</Filter>
    </ClCompile>
    <ClCompile Include="..\source\libs\common\cpu\bitmap.c">
      <Filter>Source Files\libs\common\cpu</Filter>
    </ClCompile>
    <ClCompile Include="..\source\libs\common\blkbuf.c">
      <Filter>Source Files\libs\common</Filter>
    </ClCompile>
    <ClCompile Include="..\source\drivers\hal\main\process\process.c">
      <Filter>Source Files\drivers\hal\main\process</Filter>
    </ClCompile>
    <ClCompile Include="..\source\drivers\hal\main\process\sched.c">
      <Filter>Source Files\drivers\hal\main\process</Filter>
    </ClCompile>
    <ClCompile Include="..\source\drivers\hal\main\process\thread.c">
      <Filter>Source Files\drivers\hal\main\process</Filter>
    </ClCompile>
    <ClCompile Include="..\source\drivers\hal\irq\chip.c">
      <Filter>Source Files\drivers\hal\irq</Filter>
    </ClCompile>
    <ClCompile Include="..\source\drivers\hal\irq\dpc.c">
      <Filter>Source Files\drivers\hal\irq</Filter>
    </ClCompile>
    <ClCompile Include="..\source\drivers\hal\irq\dummychip.c">
      <Filter>Source Files\drivers\hal\irq</Filter>
    </ClCompile>
    <ClCompile Include="..\source\drivers\hal\irq\hal.c">
      <Filter>Source Files\drivers\hal\irq</Filter>
    </ClCompile>
    <ClCompile Include="..\source\drivers\hal\irq\handle.c">
      <Filter>Source Files\drivers\hal\irq</Filter>
    </ClCompile>
    <ClCompile Include="..\source\drivers\hal\irq\irqdesc.c">
      <Filter>Source Files\drivers\hal\irq</Filter>
    </ClCompile>
    <ClCompile Include="..\source\drivers\hal\irq\manage.c">
      <Filter>Source Files\drivers\hal\irq</Filter>
    </ClCompile>
    <ClCompile Include="..\source\drivers\hal\irq\resend.c">
      <Filter>Source Files\drivers\hal\irq</Filter>
    </ClCompile>
    <ClCompile Include="..\source\drivers\hal\arch\x86\dt.c">
      <Filter>Source Files\drivers\hal\arch\x86</Filter>
    </ClCompile>
    <ClCompile Include="..\source\drivers\hal\arch\x86\i8259.c">
      <Filter>Source Files\drivers\hal\arch\x86</Filter>
    </ClCompile>
    <ClCompile Include="..\source\drivers\hal\arch\x86\io_delay.c">
      <Filter>Source Files\drivers\hal\arch\x86</Filter>
    </ClCompile>
    <ClCompile Include="..\source\drivers\hal\arch\x86\irq.c">
      <Filter>Source Files\drivers\hal\arch\x86</Filter>
    </ClCompile>
    <ClCompile Include="..\source\drivers\hal\arch\x86\irq_32.c">
      <Filter>Source Files\drivers\hal\arch\x86</Filter>
    </ClCompile>
    <ClCompile Include="..\source\drivers\hal\arch\x86\irqinit.c">
      <Filter>Source Files\drivers\hal\arch\x86</Filter>
    </ClCompile>
    <ClCompile Include="..\source\drivers\hal\arch\x86\main.c">
      <Filter>Source Files\drivers\hal\arch\x86</Filter>
    </ClCompile>
    <ClCompile Include="..\source\drivers\hal\arch\x86\pci_early.c">
      <Filter>Source Files\drivers\hal\arch\x86</Filter>
    </ClCompile>
    <ClCompile Include="..\source\drivers\hal\arch\x86\serial.c">
      <Filter>Source Files\drivers\hal\arch\x86</Filter>
    </ClCompile>
    <ClCompile Include="..\source\drivers\hal\arch\x86\smp.c">
      <Filter>Source Files\drivers\hal\arch\x86</Filter>
    </ClCompile>
    <ClCompile Include="..\source\drivers\hal\arch\x86\traps.c">
      <Filter>Source Files\drivers\hal\arch\x86</Filter>
    </ClCompile>
    <ClCompile Include="..\source\drivers\hal\arch\x86\tsc.c">
      <Filter>Source Files\drivers\hal\arch\x86</Filter>
    </ClCompile>
    <ClCompile Include="..\source\drivers\hal\arch\x86\x86_init.c">
      <Filter>Source Files\drivers\hal\arch\x86</Filter>
    </ClCompile>
    <ClCompile Include="..\source\drivers\hal\arch\x86\lib\delay.c">
      <Filter>Source Files\drivers\hal\arch\x86\lib</Filter>
    </ClCompile>
    <ClCompile Include="..\source\drivers\hal\arch\x86\lib\memcpy_32.c">
      <Filter>Source Files\drivers\hal\arch\x86\lib</Filter>
    </ClCompile>
    <ClCompile Include="..\source\drivers\hal\arch\x86\lib\string_32.c">
      <Filter>Source Files\drivers\hal\arch\x86\lib</Filter>
    </ClCompile>
    <ClCompile Include="..\source\drivers\hal\arch\x86\rtc.c">
      <Filter>Source Files\drivers\hal\arch\x86</Filter>
    </ClCompile>
    <ClCompile Include="..\source\drivers\hal\time\rtc.c">
      <Filter>Source Files\drivers\hal\time</Filter>
    </ClCompile>
    <ClCompile Include="..\source\drivers\hal\time\timer.c">
      <Filter>Source Files\drivers\hal\time</Filter>
    </ClCompile>
  </ItemGroup>
  <ItemGroup>
    <ClInclude Include="..\include\compiler.h">
      <Filter>Header Files</Filter>
    </ClInclude>
    <ClInclude Include="..\include\ctype.h">
      <Filter>Header Files</Filter>
    </ClInclude>
    <ClInclude Include="..\include\limits.h">
      <Filter>Header Files</Filter>
    </ClInclude>
    <ClInclude Include="..\include\stdarg.h">
      <Filter>Header Files</Filter>
    </ClInclude>
    <ClInclude Include="..\include\stddef.h">
      <Filter>Header Files</Filter>
    </ClInclude>
    <ClInclude Include="..\include\stdio.h">
      <Filter>Header Files</Filter>
    </ClInclude>
    <ClInclude Include="..\include\string.h">
      <Filter>Header Files</Filter>
    </ClInclude>
    <ClInclude Include="..\include\types.h">
      <Filter>Header Files</Filter>
    </ClInclude>
    <ClInclude Include="..\include\kernel\ke_lock.h">
      <Filter>Header Files\kernel</Filter>
    </ClInclude>
    <ClInclude Include="..\source\drivers\hal\include\cache.h">
      <Filter>Source Files\drivers\hal\include</Filter>
    </ClInclude>
    <ClInclude Include="..\source\drivers\hal\include\compiler.h">
      <Filter>Source Files\drivers\hal\include</Filter>
    </ClInclude>
    <ClInclude Include="..\source\drivers\hal\include\console.h">
      <Filter>Source Files\drivers\hal\include</Filter>
    </ClInclude>
    <ClInclude Include="..\source\drivers\hal\include\const.h">
      <Filter>Source Files\drivers\hal\include</Filter>
    </ClInclude>
    <ClInclude Include="..\source\drivers\hal\include\cpu.h">
      <Filter>Source Files\drivers\hal\include</Filter>
    </ClInclude>
    <ClInclude Include="..\source\drivers\hal\include\cpumask.h">
      <Filter>Source Files\drivers\hal\include</Filter>
    </ClInclude>
    <ClInclude Include="..\source\drivers\hal\include\debug.h">
      <Filter>Source Files\drivers\hal\include</Filter>
    </ClInclude>
    <ClInclude Include="..\source\drivers\hal\include\hal_config.h">
      <Filter>Source Files\drivers\hal\include</Filter>
    </ClInclude>
    <ClInclude Include="..\source\drivers\hal\include\irqflags.h">
      <Filter>Source Files\drivers\hal\include</Filter>
    </ClInclude>
    <ClInclude Include="..\source\drivers\hal\include\linkage.h">
      <Filter>Source Files\drivers\hal\include</Filter>
    </ClInclude>
    <ClInclude Include="..\source\drivers\hal\include\misc.h">
      <Filter>Source Files\drivers\hal\include</Filter>
    </ClInclude>
    <ClInclude Include="..\source\drivers\hal\include\percpu.h">
      <Filter>Source Files\drivers\hal\include</Filter>
    </ClInclude>
    <ClInclude Include="..\source\drivers\hal\include\percpu-defs.h">
      <Filter>Source Files\drivers\hal\include</Filter>
    </ClInclude>
    <ClInclude Include="..\source\drivers\hal\include\screen.h">
      <Filter>Source Files\drivers\hal\include</Filter>
    </ClInclude>
    <ClInclude Include="..\source\drivers\hal\include\smp.h">
      <Filter>Source Files\drivers\hal\include</Filter>
    </ClInclude>
    <ClInclude Include="..\source\drivers\hal\include\string.h">
      <Filter>Source Files\drivers\hal\include</Filter>
    </ClInclude>
    <ClInclude Include="..\source\drivers\hal\include\types.h">
      <Filter>Source Files\drivers\hal\include</Filter>
    </ClInclude>
    <ClInclude Include="..\source\drivers\hal\include\arch\arch.h">
      <Filter>Source Files\drivers\hal\include\arch</Filter>
    </ClInclude>
    <ClInclude Include="..\source\drivers\hal\include\arch\x86\asm\alternative.h">
      <Filter>Source Files\drivers\hal\include\arch\x86\asm</Filter>
    </ClInclude>
    <ClInclude Include="..\source\drivers\hal\include\arch\x86\asm\alternative-asm.h">
      <Filter>Source Files\drivers\hal\include\arch\x86\asm</Filter>
    </ClInclude>
    <ClInclude Include="..\source\drivers\hal\include\arch\x86\asm\apic.h">
      <Filter>Source Files\drivers\hal\include\arch\x86\asm</Filter>
    </ClInclude>
    <ClInclude Include="..\source\drivers\hal\include\arch\x86\asm\apicdef.h">
      <Filter>Source Files\drivers\hal\include\arch\x86\asm</Filter>
    </ClInclude>
    <ClInclude Include="..\source\drivers\hal\include\arch\x86\asm\asm.h">
      <Filter>Source Files\drivers\hal\include\arch\x86\asm</Filter>
    </ClInclude>
    <ClInclude Include="..\source\drivers\hal\include\arch\x86\asm\atomic.h">
      <Filter>Source Files\drivers\hal\include\arch\x86\asm</Filter>
    </ClInclude>
    <ClInclude Include="..\source\drivers\hal\include\arch\x86\asm\barrier.h">
      <Filter>Source Files\drivers\hal\include\arch\x86\asm</Filter>
    </ClInclude>
    <ClInclude Include="..\source\drivers\hal\include\arch\x86\asm\bitops.h">
      <Filter>Source Files\drivers\hal\include\arch\x86\asm</Filter>
    </ClInclude>
    <ClInclude Include="..\source\drivers\hal\include\arch\x86\asm\cache.h">
      <Filter>Source Files\drivers\hal\include\arch\x86\asm</Filter>
    </ClInclude>
    <ClInclude Include="..\source\drivers\hal\include\arch\x86\asm\cpu.h">
      <Filter>Source Files\drivers\hal\include\arch\x86\asm</Filter>
    </ClInclude>
    <ClInclude Include="..\source\drivers\hal\include\arch\x86\asm\cpufeature.h">
      <Filter>Source Files\drivers\hal\include\arch\x86\asm</Filter>
    </ClInclude>
    <ClInclude Include="..\source\drivers\hal\include\arch\x86\asm\cpufeature_def.h">
      <Filter>Source Files\drivers\hal\include\arch\x86\asm</Filter>
    </ClInclude>
    <ClInclude Include="..\source\drivers\hal\include\arch\x86\asm\delay.h">
      <Filter>Source Files\drivers\hal\include\arch\x86\asm</Filter>
    </ClInclude>
    <ClInclude Include="..\source\drivers\hal\include\arch\x86\asm\desc.h">
      <Filter>Source Files\drivers\hal\include\arch\x86\asm</Filter>
    </ClInclude>
    <ClInclude Include="..\source\drivers\hal\include\arch\x86\asm\desc_defs.h">
      <Filter>Source Files\drivers\hal\include\arch\x86\asm</Filter>
    </ClInclude>
    <ClInclude Include="..\source\drivers\hal\include\arch\x86\asm\div64.h">
      <Filter>Source Files\drivers\hal\include\arch\x86\asm</Filter>
    </ClInclude>
    <ClInclude Include="..\source\drivers\hal\include\arch\x86\asm\dwarf2.h">
      <Filter>Source Files\drivers\hal\include\arch\x86\asm</Filter>
    </ClInclude>
    <ClInclude Include="..\source\drivers\hal\include\arch\x86\asm\fixmap.h">
      <Filter>Source Files\drivers\hal\include\arch\x86\asm</Filter>
    </ClInclude>
    <ClInclude Include="..\source\drivers\hal\include\arch\x86\asm\frame.h">
      <Filter>Source Files\drivers\hal\include\arch\x86\asm</Filter>
    </ClInclude>
    <ClInclude Include="..\source\drivers\hal\include\arch\x86\asm\hypervisor.h">
      <Filter>Source Files\drivers\hal\include\arch\x86\asm</Filter>
    </ClInclude>
    <ClInclude Include="..\source\drivers\hal\include\arch\x86\asm\i387.h">
      <Filter>Source Files\drivers\hal\include\arch\x86\asm</Filter>
    </ClInclude>
    <ClInclude Include="..\source\drivers\hal\include\arch\x86\asm\io.h">
      <Filter>Source Files\drivers\hal\include\arch\x86\asm</Filter>
    </ClInclude>
    <ClInclude Include="..\source\drivers\hal\include\arch\x86\asm\irq.h">
      <Filter>Source Files\drivers\hal\include\arch\x86\asm</Filter>
    </ClInclude>
    <ClInclude Include="..\source\drivers\hal\include\arch\x86\asm\irq_vectors.h">
      <Filter>Source Files\drivers\hal\include\arch\x86\asm</Filter>
    </ClInclude>
    <ClInclude Include="..\source\drivers\hal\include\arch\x86\asm\irqflags.h">
      <Filter>Source Files\drivers\hal\include\arch\x86\asm</Filter>
    </ClInclude>
    <ClInclude Include="..\source\drivers\hal\include\arch\x86\asm\ldt.h">
      <Filter>Source Files\drivers\hal\include\arch\x86\asm</Filter>
    </ClInclude>
    <ClInclude Include="..\source\drivers\hal\include\arch\x86\asm\linkage.h">
      <Filter>Source Files\drivers\hal\include\arch\x86\asm</Filter>
    </ClInclude>
    <ClInclude Include="..\source\drivers\hal\include\arch\x86\asm\mce.h">
      <Filter>Source Files\drivers\hal\include\arch\x86\asm</Filter>
    </ClInclude>
    <ClInclude Include="..\source\drivers\hal\include\arch\x86\asm\mpspec.h">
      <Filter>Source Files\drivers\hal\include\arch\x86\asm</Filter>
    </ClInclude>
    <ClInclude Include="..\source\drivers\hal\include\arch\x86\asm\msr.h">
      <Filter>Source Files\drivers\hal\include\arch\x86\asm</Filter>
    </ClInclude>
    <ClInclude Include="..\source\drivers\hal\include\arch\x86\asm\msr-index.h">
      <Filter>Source Files\drivers\hal\include\arch\x86\asm</Filter>
    </ClInclude>
    <ClInclude Include="..\source\drivers\hal\include\arch\x86\asm\pci_x86.h">
      <Filter>Source Files\drivers\hal\include\arch\x86\asm</Filter>
    </ClInclude>
    <ClInclude Include="..\source\drivers\hal\include\arch\x86\asm\pci-direct.h">
      <Filter>Source Files\drivers\hal\include\arch\x86\asm</Filter>
    </ClInclude>
    <ClInclude Include="..\source\drivers\hal\include\arch\x86\asm\processor.h">
      <Filter>Source Files\drivers\hal\include\arch\x86\asm</Filter>
    </ClInclude>
    <ClInclude Include="..\source\drivers\hal\include\arch\x86\asm\processor_probe.h">
      <Filter>Source Files\drivers\hal\include\arch\x86\asm</Filter>
    </ClInclude>
    <ClInclude Include="..\source\drivers\hal\include\arch\x86\asm\processor-flags.h">
      <Filter>Source Files\drivers\hal\include\arch\x86\asm</Filter>
    </ClInclude>
    <ClInclude Include="..\source\drivers\hal\include\arch\x86\asm\ptrace.h">
      <Filter>Source Files\drivers\hal\include\arch\x86\asm</Filter>
    </ClInclude>
    <ClInclude Include="..\source\drivers\hal\include\arch\x86\asm\required-features.h">
      <Filter>Source Files\drivers\hal\include\arch\x86\asm</Filter>
    </ClInclude>
    <ClInclude Include="..\source\drivers\hal\include\arch\x86\asm\rwlock.h">
      <Filter>Source Files\drivers\hal\include\arch\x86\asm</Filter>
    </ClInclude>
    <ClInclude Include="..\source\drivers\hal\include\arch\x86\asm\segment.h">
      <Filter>Source Files\drivers\hal\include\arch\x86\asm</Filter>
    </ClInclude>
    <ClInclude Include="..\source\drivers\hal\include\arch\x86\asm\serial.h">
      <Filter>Source Files\drivers\hal\include\arch\x86\asm</Filter>
    </ClInclude>
    <ClInclude Include="..\source\drivers\hal\include\arch\x86\asm\smp.h">
      <Filter>Source Files\drivers\hal\include\arch\x86\asm</Filter>
    </ClInclude>
    <ClInclude Include="..\source\drivers\hal\include\arch\x86\asm\spinlock.h">
      <Filter>Source Files\drivers\hal\include\arch\x86\asm</Filter>
    </ClInclude>
    <ClInclude Include="..\source\drivers\hal\include\arch\x86\asm\spinlock_types.h">
      <Filter>Source Files\drivers\hal\include\arch\x86\asm</Filter>
    </ClInclude>
    <ClInclude Include="..\source\drivers\hal\include\arch\x86\asm\string.h">
      <Filter>Source Files\drivers\hal\include\arch\x86\asm</Filter>
    </ClInclude>
    <ClInclude Include="..\source\drivers\hal\include\arch\x86\asm\string_32.h">
      <Filter>Source Files\drivers\hal\include\arch\x86\asm</Filter>
    </ClInclude>
    <ClInclude Include="..\source\drivers\hal\include\arch\x86\asm\system.h">
      <Filter>Source Files\drivers\hal\include\arch\x86\asm</Filter>
    </ClInclude>
    <ClInclude Include="..\source\drivers\hal\include\arch\x86\asm\timer.h">
      <Filter>Source Files\drivers\hal\include\arch\x86\asm</Filter>
    </ClInclude>
    <ClInclude Include="..\source\drivers\hal\include\arch\x86\asm\timex.h">
      <Filter>Source Files\drivers\hal\include\arch\x86\asm</Filter>
    </ClInclude>
    <ClInclude Include="..\source\drivers\hal\include\arch\x86\asm\tsc.h">
      <Filter>Source Files\drivers\hal\include\arch\x86\asm</Filter>
    </ClInclude>
    <ClInclude Include="..\source\drivers\hal\include\arch\x86\asm\x86_init.h">
      <Filter>Source Files\drivers\hal\include\arch\x86\asm</Filter>
    </ClInclude>
    <ClInclude Include="..\source\drivers\hal\main\include\cpu.h">
      <Filter>Source Files\drivers\hal\main\include</Filter>
    </ClInclude>
    <ClInclude Include="..\source\drivers\hal\main\include\memory.h">
      <Filter>Source Files\drivers\hal\main\include</Filter>
    </ClInclude>
    <ClInclude Include="..\source\drivers\hal\main\include\priority.h">
      <Filter>Source Files\drivers\hal\main\include</Filter>
    </ClInclude>
    <ClInclude Include="..\source\drivers\hal\main\include\thread.h">
      <Filter>Source Files\drivers\hal\main\include</Filter>
    </ClInclude>
    <ClInclude Include="..\source\libs\common\include\bitmap.h">
      <Filter>Source Files\libs\common\include</Filter>
    </ClInclude>
    <ClInclude Include="..\source\libs\common\include\bits.h">
      <Filter>Source Files\libs\common\include</Filter>
    </ClInclude>
    <ClInclude Include="..\source\libs\common\include\blkbuf.h">
      <Filter>Source Files\libs\common\include</Filter>
    </ClInclude>
    <ClInclude Include="..\source\libs\common\include\digits.h">
      <Filter>Source Files\libs\common\include</Filter>
    </ClInclude>
    <ClInclude Include="..\source\libs\common\include\object.h">
      <Filter>Source Files\libs\common\include</Filter>
    </ClInclude>
    <ClInclude Include="..\source\drivers\hal\main\include\sched.h">
      <Filter>Source Files\drivers\hal\main\include</Filter>
    </ClInclude>
    <ClInclude Include="..\source\drivers\hal\irq\internals.h">
      <Filter>Source Files\drivers\hal\irq</Filter>
    </ClInclude>
    <ClInclude Include="..\source\drivers\hal\irq\settings.h">
      <Filter>Source Files\drivers\hal\irq</Filter>
    </ClInclude>
    <ClInclude Include="..\include\ddk\compatible.h">
      <Filter>Header Files\ddk</Filter>
    </ClInclude>
    <ClInclude Include="..\include\ddk\irq.h">
      <Filter>Header Files\ddk</Filter>
    </ClInclude>
    <ClInclude Include="..\source\drivers\hal\include\atomic.h">
      <Filter>Source Files\drivers\hal\include</Filter>
    </ClInclude>
    <ClInclude Include="..\source\drivers\hal\include\bitops.h">
      <Filter>Source Files\drivers\hal\include</Filter>
    </ClInclude>
    <ClInclude Include="..\source\drivers\hal\include\hardirq.h">
      <Filter>Source Files\drivers\hal\include</Filter>
    </ClInclude>
    <ClInclude Include="..\source\drivers\hal\include\irq.h">
      <Filter>Source Files\drivers\hal\include</Filter>
    </ClInclude>
    <ClInclude Include="..\source\drivers\hal\include\irqdesc.h">
      <Filter>Source Files\drivers\hal\include</Filter>
    </ClInclude>
    <ClInclude Include="..\source\drivers\hal\include\lock.h">
      <Filter>Source Files\drivers\hal\include</Filter>
    </ClInclude>
    <ClInclude Include="..\source\drivers\hal\include\arch\x86\asm\abicall.h">
      <Filter>Source Files\drivers\hal\include\arch\x86\asm</Filter>
    </ClInclude>
    <ClInclude Include="..\source\drivers\hal\include\arch\x86\asm\cmpxchg.h">
      <Filter>Source Files\drivers\hal\include\arch\x86\asm</Filter>
    </ClInclude>
    <ClInclude Include="..\source\drivers\hal\include\arch\x86\asm\cmpxchg_32.h">
      <Filter>Source Files\drivers\hal\include\arch\x86\asm</Filter>
    </ClInclude>
    <ClInclude Include="..\source\drivers\hal\include\arch\x86\asm\debugreg.h">
      <Filter>Source Files\drivers\hal\include\arch\x86\asm</Filter>
    </ClInclude>
    <ClInclude Include="..\source\drivers\hal\include\arch\x86\asm\hw_irq.h">
      <Filter>Source Files\drivers\hal\include\arch\x86\asm</Filter>
    </ClInclude>
    <ClInclude Include="..\source\drivers\hal\include\arch\x86\asm\i8259.h">
      <Filter>Source Files\drivers\hal\include\arch\x86\asm</Filter>
    </ClInclude>
    <ClInclude Include="..\source\drivers\hal\include\arch\x86\asm\traps.h">
      <Filter>Source Files\drivers\hal\include\arch\x86\asm</Filter>
    </ClInclude>
    <ClInclude Include="..\source\drivers\hal\include\arch\x86\asm\mc146818rtc.h">
      <Filter>Source Files\drivers\hal\include\arch\x86\asm</Filter>
    </ClInclude>
    <ClInclude Include="..\source\drivers\hal\include\arch\x86\asm\param.h">
      <Filter>Source Files\drivers\hal\include\arch\x86\asm</Filter>
    </ClInclude>
    <ClInclude Include="..\source\drivers\hal\include\arch\x86\asm\thread.h">
      <Filter>Source Files\drivers\hal\include\arch\x86\asm</Filter>
    </ClInclude>
    <ClInclude Include="..\source\drivers\hal\include\bcd.h">
      <Filter>Source Files\drivers\hal\include</Filter>
    </ClInclude>
    <ClInclude Include="..\source\drivers\hal\include\delay.h">
      <Filter>Source Files\drivers\hal\include</Filter>
    </ClInclude>
    <ClInclude Include="..\source\drivers\hal\include\mc146818rtc.h">
      <Filter>Source Files\drivers\hal\include</Filter>
    </ClInclude>
    <ClInclude Include="..\source\drivers\hal\include\param.h">
      <Filter>Source Files\drivers\hal\include</Filter>
    </ClInclude>
    <ClInclude Include="..\source\drivers\hal\include\preempt.h">
      <Filter>Source Files\drivers\hal\include</Filter>
    </ClInclude>
    <ClInclude Include="..\source\drivers\hal\include\rtc.h">
      <Filter>Source Files\drivers\hal\include</Filter>
    </ClInclude>
    <ClInclude Include="..\source\drivers\hal\include\tick.h">
      <Filter>Source Files\drivers\hal\include</Filter>
    </ClInclude>
  </ItemGroup>
</Project>